# This file is automatically @generated by Cargo.
# It is not intended for manual editing.
version = 4

[[package]]
name = "anyhow"
version = "1.0.104"
source = "registry+https://github.com/rust-lang/crates.io-index"
checksum = "330a5ed07fa54e4702c9d6c4174f74427fc0ef6e214bbd677ae50a5099946470"

[[package]]
name = "colonthree"
version = "0.0.0-git"
dependencies = [
 "anyhow",
 "mavitix-utils",
]

[[package]]
name = "coreutils"
version = "0.0.0-git"
dependencies = [
 "mavitix-utils",
]

[[package]]
name = "fetch"
version = "0.0.0-git"
dependencies = [
 "mavitix-utils",
]

[[package]]
name = "mavitix-utils"
version = "0.0.0-git"
